Microsoft Visual Studio Solution File, Format Version 12.00
# Visual Studio 14
VisualStudioVersion = 14.0.23107.0
MinimumVisualStudioVersion = 10.0.40219.1
Project("{2150E333-8FDC-42A3-9474-1A3956D46DE8}") = "PumaFramework", "PumaFramework", "{103A42FA-5BAE-4921-A95C-060D7D657FD4}"
EndProject
Project("{FAE04EC0-301F-11D3-BF4B-00C04F79EFBC}") = "USGS.Puma.NTS", "USGS.Puma.NTS\USGS.Puma.NTS.csproj", "{5770DAA9-84E5-4770-AF43-F6B815894368}"
EndProject
Project("{FAE04EC0-301F-11D3-BF4B-00C04F79EFBC}") = "USGS.Puma", "USGS.Puma\USGS.Puma.csproj", "{118DE6CE-2FA3-4D6A-BAF2-3C74754255A0}"
EndProject
Project("{FAE04EC0-301F-11D3-BF4B-00C04F79EFBC}") = "USGS.Puma.UI", "USGS.Puma.UI\USGS.Puma.UI.csproj", "{4E7709CF-6528-4EC6-A63D-2CFFDCD6CCE7}"
EndProject
Project("{FAE04EC0-301F-11D3-BF4B-00C04F79EFBC}") = "USGS.Puma.Modflow", "USGS.Puma.Modflow\USGS.Puma.Modflow.csproj", "{E2BC5AC6-921C-47BE-9F3F-7E5D5E72CA48}"
EndProject
Project("{FAE04EC0-301F-11D3-BF4B-00C04F79EFBC}") = "USGS.Puma.Modpath", "USGS.Puma.Modpath\USGS.Puma.Modpath.csproj", "{6424050B-5045-4960-9106-D7E875D3D9A6}"
EndProject
Project("{FAE04EC0-301F-11D3-BF4B-00C04F79EFBC}") = "GeoAPI", "GeoAPI\GeoAPI.csproj", "{FFB69466-79DE-466A-ADA7-5C47C5C5CA3A}"
EndProject
Global
	GlobalSection(SolutionConfigurationPlatforms) = preSolution
		Debug|Any CPU = Debug|Any CPU
		Release|Any CPU = Release|Any CPU
	EndGlobalSection
	GlobalSection(ProjectConfigurationPlatforms) = postSolution
		{5770DAA9-84E5-4770-AF43-F6B815894368}.Debug|Any CPU.ActiveCfg = Debug|Any CPU
		{5770DAA9-84E5-4770-AF43-F6B815894368}.Debug|Any CPU.Build.0 = Debug|Any CPU
		{5770DAA9-84E5-4770-AF43-F6B815894368}.Release|Any CPU.ActiveCfg = Release|Any CPU
		{5770DAA9-84E5-4770-AF43-F6B815894368}.Release|Any CPU.Build.0 = Release|Any CPU
		{118DE6CE-2FA3-4D6A-BAF2-3C74754255A0}.Debug|Any CPU.ActiveCfg = Debug|Any CPU
		{118DE6CE-2FA3-4D6A-BAF2-3C74754255A0}.Debug|Any CPU.Build.0 = Debug|Any CPU
		{118DE6CE-2FA3-4D6A-BAF2-3C74754255A0}.Release|Any CPU.ActiveCfg = Release|Any CPU
		{118DE6CE-2FA3-4D6A-BAF2-3C74754255A0}.Release|Any CPU.Build.0 = Release|Any CPU
		{4E7709CF-6528-4EC6-A63D-2CFFDCD6CCE7}.Debug|Any CPU.ActiveCfg = Debug|Any CPU
		{4E7709CF-6528-4EC6-A63D-2CFFDCD6CCE7}.Debug|Any CPU.Build.0 = Debug|Any CPU
		{4E7709CF-6528-4EC6-A63D-2CFFDCD6CCE7}.Release|Any CPU.ActiveCfg = Release|Any CPU
		{4E7709CF-6528-4EC6-A63D-2CFFDCD6CCE7}.Release|Any CPU.Build.0 = Release|Any CPU
		{E2BC5AC6-921C-47BE-9F3F-7E5D5E72CA48}.Debug|Any CPU.ActiveCfg = Debug|Any CPU
		{E2BC5AC6-921C-47BE-9F3F-7E5D5E72CA48}.Debug|Any CPU.Build.0 = Debug|Any CPU
		{E2BC5AC6-921C-47BE-9F3F-7E5D5E72CA48}.Release|Any CPU.ActiveCfg = Release|Any CPU
		{E2BC5AC6-921C-47BE-9F3F-7E5D5E72CA48}.Release|Any CPU.Build.0 = Release|Any CPU
		{6424050B-5045-4960-9106-D7E875D3D9A6}.Debug|Any CPU.ActiveCfg = Debug|Any CPU
		{6424050B-5045-4960-9106-D7E875D3D9A6}.Debug|Any CPU.Build.0 = Debug|Any CPU
		{6424050B-5045-4960-9106-D7E875D3D9A6}.Release|Any CPU.ActiveCfg = Release|Any CPU
		{6424050B-5045-4960-9106-D7E875D3D9A6}.Release|Any CPU.Build.0 = Release|Any CPU
		{FFB69466-79DE-466A-ADA7-5C47C5C5CA3A}.Debug|Any CPU.ActiveCfg = Debug|Any CPU
		{FFB69466-79DE-466A-ADA7-5C47C5C5CA3A}.Debug|Any CPU.Build.0 = Debug|Any CPU
		{FFB69466-79DE-466A-ADA7-5C47C5C5CA3A}.Release|Any CPU.ActiveCfg = Release|Any CPU
		{FFB69466-79DE-466A-ADA7-5C47C5C5CA3A}.Release|Any CPU.Build.0 = Release|Any CPU
	EndGlobalSection
	GlobalSection(SolutionProperties) = preSolution
		HideSolutionNode = FALSE
	EndGlobalSection
	GlobalSection(NestedProjects) = preSolution
		{5770DAA9-84E5-4770-AF43-F6B815894368} = {103A42FA-5BAE-4921-A95C-060D7D657FD4}
		{118DE6CE-2FA3-4D6A-BAF2-3C74754255A0} = {103A42FA-5BAE-4921-A95C-060D7D657FD4}
		{4E7709CF-6528-4EC6-A63D-2CFFDCD6CCE7} = {103A42FA-5BAE-4921-A95C-060D7D657FD4}
		{E2BC5AC6-921C-47BE-9F3F-7E5D5E72CA48} = {103A42FA-5BAE-4921-A95C-060D7D657FD4}
		{6424050B-5045-4960-9106-D7E875D3D9A6} = {103A42FA-5BAE-4921-A95C-060D7D657FD4}
		{FFB69466-79DE-466A-ADA7-5C47C5C5CA3A} = {103A42FA-5BAE-4921-A95C-060D7D657FD4}
	EndGlobalSection
	GlobalSection(ExtensibilityGlobals) = postSolution
		VisualSVNWorkingCopyRoot = .
	EndGlobalSection
EndGlobal
